// !$*UTF8*$!
{
	archiveVersion = 1;
	classes = {
	};
	objectVersion = 56;
	objects = {

/* Begin PBXFileReference section */
		1D1234521234567890123456 /* PinyinPractice.app */ = {isa = PBXFileReference; explicitFileType = wrapper.application; includeInIndex = 0; name = PinyinPractice.app; path = "/Users/jovinkenroye/Sites/pinyinpractice/build/Debug-iphoneos/PinyinPractice.app"; sourceTree = "<absolute>"; };
		87A8AD6B2DFB18C100F101C4 /* ContentView.swift */ = {isa = PBXFileReference; lastKnownFileType = sourcecode.swift; path = ContentView.swift; sourceTree = "<group>"; };
		87A8AD6C2DFB18C100F101C4 /* UserProgress.swift */ = {isa = PBXFileReference; lastKnownFileType = sourcecode.swift; path = UserProgress.swift; sourceTree = "<group>"; };
		87A8AD6D2DFB18C100F101C4 /* VocabularyItem.swift */ = {isa = PBXFileReference; lastKnownFileType = sourcecode.swift; path = VocabularyItem.swift; sourceTree = "<group>"; };
		87A8AD6F2DFB18C100F101C4 /* PinyinPractice.xcodeproj */ = {isa = PBXFileReference; lastKnownFileType = "wrapper.pb-project"; path = PinyinPractice.xcodeproj; sourceTree = "<group>"; };
		87A8AD702DFB18C100F101C4 /* PinyinPracticeApp.swift */ = {isa = PBXFileReference; lastKnownFileType = sourcecode.swift; path = PinyinPracticeApp.swift; sourceTree = "<group>"; };
		87A8AD712DFB18C100F101C4 /* Colors.swift */ = {isa = PBXFileReference; lastKnownFileType = sourcecode.swift; path = Colors.swift; sourceTree = "<group>"; };
		87A8AD722DFB18C100F101C4 /* Typography.swift */ = {isa = PBXFileReference; lastKnownFileType = sourcecode.swift; path = Typography.swift; sourceTree = "<group>"; };
		87A8AD742DFB18C100F101C4 /* UserProgressService.swift */ = {isa = PBXFileReference; lastKnownFileType = sourcecode.swift; path = UserProgressService.swift; sourceTree = "<group>"; };
		87A8AD752DFB18C100F101C4 /* VocabularyService.swift */ = {isa = PBXFileReference; lastKnownFileType = sourcecode.swift; path = VocabularyService.swift; sourceTree = "<group>"; };
		87A8AD772DFB18C100F101C4 /* PracticeViewModel.swift */ = {isa = PBXFileReference; lastKnownFileType = sourcecode.swift; path = PracticeViewModel.swift; sourceTree = "<group>"; };
		87A8AD792DFB18C100F101C4 /* PrimaryButton.swift */ = {isa = PBXFileReference; lastKnownFileType = sourcecode.swift; path = PrimaryButton.swift; sourceTree = "<group>"; };
		87A8AD7A2DFB18C100F101C4 /* SecondaryButton.swift */ = {isa = PBXFileReference; lastKnownFileType = sourcecode.swift; path = SecondaryButton.swift; sourceTree = "<group>"; };
		87A8AD7C2DFB18C100F101C4 /* ActionCard.swift */ = {isa = PBXFileReference; lastKnownFileType = sourcecode.swift; path = ActionCard.swift; sourceTree = "<group>"; };
		87A8AD7D2DFB18C100F101C4 /* InfoCard.swift */ = {isa = PBXFileReference; lastKnownFileType = sourcecode.swift; path = InfoCard.swift; sourceTree = "<group>"; };
		87A8AD7E2DFB18C100F101C4 /* ResponsiveCharacterDisplay.swift */ = {isa = PBXFileReference; lastKnownFileType = sourcecode.swift; path = ResponsiveCharacterDisplay.swift; sourceTree = "<group>"; };
		87A8AD7F2DFB18C100F101C4 /* SelectableCard.swift */ = {isa = PBXFileReference; lastKnownFileType = sourcecode.swift; path = SelectableCard.swift; sourceTree = "<group>"; };
		87A8AD802DFB18C100F101C4 /* StatBubble.swift */ = {isa = PBXFileReference; lastKnownFileType = sourcecode.swift; path = StatBubble.swift; sourceTree = "<group>"; };
		87A8AD812DFB18C100F101C4 /* ToggleCard.swift */ = {isa = PBXFileReference; lastKnownFileType = sourcecode.swift; path = ToggleCard.swift; sourceTree = "<group>"; };
		87A8AD832DFB18C100F101C4 /* FeedbackMessage.swift */ = {isa = PBXFileReference; lastKnownFileType = sourcecode.swift; path = FeedbackMessage.swift; sourceTree = "<group>"; };
		87A8AD842DFB18C100F101C4 /* PinyinInputField.swift */ = {isa = PBXFileReference; lastKnownFileType = sourcecode.swift; path = PinyinInputField.swift; sourceTree = "<group>"; };
		87A8AD862DFB18C100F101C4 /* CompactStatsBar.swift */ = {isa = PBXFileReference; lastKnownFileType = sourcecode.swift; path = CompactStatsBar.swift; sourceTree = "<group>"; };
		87A8AD872DFB18C100F101C4 /* ProgressBar.swift */ = {isa = PBXFileReference; lastKnownFileType = sourcecode.swift; path = ProgressBar.swift; sourceTree = "<group>"; };
		87A8AD882DFB18C100F101C4 /* SectionHeader.swift */ = {isa = PBXFileReference; lastKnownFileType = sourcecode.swift; path = SectionHeader.swift; sourceTree = "<group>"; };
		87A8AD8A2DFB18C100F101C4 /* CircularIconButton.swift */ = {isa = PBXFileReference; lastKnownFileType = sourcecode.swift; path = CircularIconButton.swift; sourceTree = "<group>"; };
		87A8AD8B2DFB18C100F101C4 /* NavigationHeader.swift */ = {isa = PBXFileReference; lastKnownFileType = sourcecode.swift; path = NavigationHeader.swift; sourceTree = "<group>"; };
		87A8AD8E2DFB18C100F101C4 /* CustomPracticeSetupView.swift */ = {isa = PBXFileReference; lastKnownFileType = sourcecode.swift; path = CustomPracticeSetupView.swift; sourceTree = "<group>"; };
		87A8AD8F2DFB18C100F101C4 /* PracticeViewRedesigned.swift */ = {isa = PBXFileReference; lastKnownFileType = sourcecode.swift; path = PracticeViewRedesigned.swift; sourceTree = "<group>"; };
		87A8AD902DFB18C100F101C4 /* SettingsViewRefactored.swift */ = {isa = PBXFileReference; lastKnownFileType = sourcecode.swift; path = SettingsViewRefactored.swift; sourceTree = "<group>"; };
		87A8AD912DFB18C100F101C4 /* SetupViewRedesigned.swift */ = {isa = PBXFileReference; lastKnownFileType = sourcecode.swift; path = SetupViewRedesigned.swift; sourceTree = "<group>"; };
		87A8AD932DFB18C100F101C4 /* ViewArchitecture.md */ = {isa = PBXFileReference; lastKnownFileType = net.daringfireball.markdown; path = ViewArchitecture.md; sourceTree = "<group>"; };
/* End PBXFileReference section */

/* Begin PBXFrameworksBuildPhase section */
		1D12344F1234567890123456 /* Frameworks */ = {
			isa = PBXFrameworksBuildPhase;
			buildActionMask = 2147483647;
			files = (
			);
			runOnlyForDeploymentPostprocessing = 0;
		};
/* End PBXFrameworksBuildPhase section */

/* Begin PBXGroup section */
		1D1234491234567890123456 = {
			isa = PBXGroup;
			children = (
				87A8AD6B2DFB18C100F101C4 /* ContentView.swift */,
				87A8AD6E2DFB18C100F101C4 /* Models */,
				87A8AD6F2DFB18C100F101C4 /* PinyinPractice.xcodeproj */,
				87A8AD732DFB18C100F101C4 /* Resources */,
				87A8AD762DFB18C100F101C4 /* Services */,
				87A8AD782DFB18C100F101C4 /* ViewModels */,
				87A8AD942DFB18C100F101C4 /* Views */,
				87A8AD702DFB18C100F101C4 /* PinyinPracticeApp.swift */,
			);
			sourceTree = "<group>";
		};
		87A8AD6E2DFB18C100F101C4 /* Models */ = {
			isa = PBXGroup;
			children = (
				87A8AD6C2DFB18C100F101C4 /* UserProgress.swift */,
				87A8AD6D2DFB18C100F101C4 /* VocabularyItem.swift */,
			);
			path = Models;
			sourceTree = "<group>";
		};
		87A8AD732DFB18C100F101C4 /* Resources */ = {
			isa = PBXGroup;
			children = (
				87A8AD712DFB18C100F101C4 /* Colors.swift */,
				87A8AD722DFB18C100F101C4 /* Typography.swift */,
			);
			path = Resources;
			sourceTree = "<group>";
		};
		87A8AD762DFB18C100F101C4 /* Services */ = {
			isa = PBXGroup;
			children = (
				87A8AD742DFB18C100F101C4 /* UserProgressService.swift */,
				87A8AD752DFB18C100F101C4 /* VocabularyService.swift */,
			);
			path = Services;
			sourceTree = "<group>";
		};
		87A8AD782DFB18C100F101C4 /* ViewModels */ = {
			isa = PBXGroup;
			children = (
				87A8AD772DFB18C100F101C4 /* PracticeViewModel.swift */,
			);
			path = ViewModels;
			sourceTree = "<group>";
		};
		87A8AD7B2DFB18C100F101C4 /* Buttons */ = {
			isa = PBXGroup;
			children = (
				87A8AD792DFB18C100F101C4 /* PrimaryButton.swift */,
				87A8AD7A2DFB18C100F101C4 /* SecondaryButton.swift */,
			);
			path = Buttons;
			sourceTree = "<group>";
		};
		87A8AD822DFB18C100F101C4 /* Cards */ = {
			isa = PBXGroup;
			children = (
				87A8AD7C2DFB18C100F101C4 /* ActionCard.swift */,
				87A8AD7D2DFB18C100F101C4 /* InfoCard.swift */,
				87A8AD7E2DFB18C100F101C4 /* ResponsiveCharacterDisplay.swift */,
				87A8AD7F2DFB18C100F101C4 /* SelectableCard.swift */,
				87A8AD802DFB18C100F101C4 /* StatBubble.swift */,
				87A8AD812DFB18C100F101C4 /* ToggleCard.swift */,
			);
			path = Cards;
			sourceTree = "<group>";
		};
		87A8AD852DFB18C100F101C4 /* Input */ = {
			isa = PBXGroup;
			children = (
				87A8AD832DFB18C100F101C4 /* FeedbackMessage.swift */,
				87A8AD842DFB18C100F101C4 /* PinyinInputField.swift */,
			);
			path = Input;
			sourceTree = "<group>";
		};
		87A8AD892DFB18C100F101C4 /* Layout */ = {
			isa = PBXGroup;
			children = (
				87A8AD862DFB18C100F101C4 /* CompactStatsBar.swift */,
				87A8AD872DFB18C100F101C4 /* ProgressBar.swift */,
				87A8AD882DFB18C100F101C4 /* SectionHeader.swift */,
			);
			path = Layout;
			sourceTree = "<group>";
		};
		87A8AD8C2DFB18C100F101C4 /* Navigation */ = {
			isa = PBXGroup;
			children = (
				87A8AD8A2DFB18C100F101C4 /* CircularIconButton.swift */,
				87A8AD8B2DFB18C100F101C4 /* NavigationHeader.swift */,
			);
			path = Navigation;
			sourceTree = "<group>";
		};
		87A8AD8D2DFB18C100F101C4 /* Components */ = {
			isa = PBXGroup;
			children = (
				87A8AD7B2DFB18C100F101C4 /* Buttons */,
				87A8AD822DFB18C100F101C4 /* Cards */,
				87A8AD852DFB18C100F101C4 /* Input */,
				87A8AD892DFB18C100F101C4 /* Layout */,
				87A8AD8C2DFB18C100F101C4 /* Navigation */,
			);
			path = Components;
			sourceTree = "<group>";
		};
		87A8AD922DFB18C100F101C4 /* Screens */ = {
			isa = PBXGroup;
			children = (
				87A8AD8E2DFB18C100F101C4 /* CustomPracticeSetupView.swift */,
				87A8AD8F2DFB18C100F101C4 /* PracticeViewRedesigned.swift */,
				87A8AD902DFB18C100F101C4 /* SettingsViewRefactored.swift */,
				87A8AD912DFB18C100F101C4 /* SetupViewRedesigned.swift */,
			);
			path = Screens;
			sourceTree = "<group>";
		};
		87A8AD942DFB18C100F101C4 /* Views */ = {
			isa = PBXGroup;
			children = (
				87A8AD8D2DFB18C100F101C4 /* Components */,
				87A8AD922DFB18C100F101C4 /* Screens */,
				87A8AD932DFB18C100F101C4 /* ViewArchitecture.md */,
			);
			path = Views;
			sourceTree = "<group>";
		};
		87A8AD952DFB18C100F101C4 /* Products */ = {
			isa = PBXGroup;
			name = Products;
			sourceTree = "<group>";
		};
/* End PBXGroup section */

/* Begin PBXNativeTarget section */
		1D1234511234567890123456 /* PinyinPractice */ = {
			isa = PBXNativeTarget;
			buildConfigurationList = 1D1234601234567890123456 /* Build configuration list for PBXNativeTarget "PinyinPractice" */;
			buildPhases = (
				1D12344E1234567890123456 /* Sources */,
				1D12344F1234567890123456 /* Frameworks */,
				1D1234501234567890123456 /* Resources */,
			);
			buildRules = (
			);
			dependencies = (
			);
			name = PinyinPractice;
			productName = PinyinPractice;
			productReference = 1D1234521234567890123456 /* PinyinPractice.app */;
			productType = "com.apple.product-type.application";
		};
/* End PBXNativeTarget section */

/* Begin PBXProject section */
		1D12344A1234567890123456 /* Project object */ = {
			isa = PBXProject;
			attributes = {
				BuildIndependentTargetsInParallel = 1;
				LastSwiftUpdateCheck = 1500;
				LastUpgradeCheck = 1500;
				TargetAttributes = {
					1D1234511234567890123456 = {
						CreatedOnToolsVersion = 15.0;
					};
				};
			};
			buildConfigurationList = 1D12344D1234567890123456 /* Build configuration list for PBXProject "PinyinPractice" */;
			compatibilityVersion = "Xcode 14.0";
			developmentRegion = en;
			hasScannedForEncodings = 0;
			knownRegions = (
				en,
				Base,
			);
			mainGroup = 1D1234491234567890123456;
			productRefGroup = 1D1234491234567890123456;
			projectDirPath = "";
			projectReferences = (
				{
					ProductGroup = 87A8AD952DFB18C100F101C4 /* Products */;
					ProjectRef = 87A8AD6F2DFB18C100F101C4 /* PinyinPractice.xcodeproj */;
				},
			);
			projectRoot = "";
			targets = (
				1D1234511234567890123456 /* PinyinPractice */,
			);
		};
/* End PBXProject section */

/* Begin PBXResourcesBuildPhase section */
		1D1234501234567890123456 /* Resources */ = {
			isa = PBXResourcesBuildPhase;
			buildActionMask = 2147483647;
			files = (
			);
			runOnlyForDeploymentPostprocessing = 0;
		};
/* End PBXResourcesBuildPhase section */

/* Begin PBXSourcesBuildPhase section */
		1D12344E1234567890123456 /* Sources */ = {
			isa = PBXSourcesBuildPhase;
			buildActionMask = 2147483647;
			files = (
			);
			runOnlyForDeploymentPostprocessing = 0;
		};
/* End PBXSourcesBuildPhase section */

/* Begin XCBuildConfiguration section */
		1D12345E1234567890123456 /* Debug */ = {
			isa = XCBuildConfiguration;
			buildSettings = {
				ALWAYS_SEARCH_USER_PATHS = NO;
				ASSETCATALOG_COMPILER_GENERATE_SWIFT_ASSET_SYMBOL_EXTENSIONS = YES;
				CLANG_ANALYZER_NONNULL = YES;
				CLANG_ANALYZER_NUMBER_OBJECT_CONVERSION = YES_AGGRESSIVE;
				CLANG_CXX_LANGUAGE_STANDARD = "gnu++20";
				CLANG_ENABLE_MODULES = YES;
				CLANG_ENABLE_OBJC_ARC = YES;
				CLANG_ENABLE_OBJC_WEAK = YES;
				CLANG_WARN_BLOCK_CAPTURE_AUTORELEASING = YES;
				CLANG_WARN_BOOL_CONVERSION = YES;
				CLANG_WARN_COMMA = YES;
				CLANG_WARN_CONSTANT_CONVERSION = YES;
				CLANG_WARN_DEPRECATED_OBJC_IMPLEMENTATIONS = YES;
				CLANG_WARN_DIRECT_OBJC_ISA_USAGE = YES_ERROR;
				CLANG_WARN_DOCUMENTATION_COMMENTS = YES;
				CLANG_WARN_EMPTY_BODY = YES;
				CLANG_WARN_ENUM_CONVERSION = YES;
				CLANG_WARN_INFINITE_RECURSION = YES;
				CLANG_WARN_INT_CONVERSION = YES;
				CLANG_WARN_NON_LITERAL_NULL_CONVERSION = YES;
				CLANG_WARN_OBJC_IMPLICIT_RETAIN_SELF = YES;
				CLANG_WARN_OBJC_LITERAL_CONVERSION = YES;
				CLANG_WARN_OBJC_ROOT_CLASS = YES_ERROR;
				CLANG_WARN_QUOTED_INCLUDE_IN_FRAMEWORK_HEADER = YES;
				CLANG_WARN_RANGE_LOOP_ANALYSIS = YES;
				CLANG_WARN_STRICT_PROTOTYPES = YES;
				CLANG_WARN_SUSPICIOUS_MOVE = YES;
				CLANG_WARN_UNGUARDED_AVAILABILITY = YES_AGGRESSIVE;
				CLANG_WARN_UNREACHABLE_CODE = YES;
				CLANG_WARN__DUPLICATE_METHOD_MATCH = YES;
				COPY_PHASE_STRIP = NO;
				DEBUG_INFORMATION_FORMAT = dwarf;
				ENABLE_STRICT_OBJC_MSGSEND = YES;
				ENABLE_TESTABILITY = YES;
				ENABLE_USER_SCRIPT_SANDBOXING = YES;
				GCC_C_LANGUAGE_STANDARD = gnu17;
				GCC_DYNAMIC_NO_PIC = NO;
				GCC_NO_COMMON_BLOCKS = YES;
				GCC_OPTIMIZATION_LEVEL = 0;
				GCC_PREPROCESSOR_DEFINITIONS = (
					"DEBUG=1",
					"$(inherited)",
				);
				GCC_WARN_64_TO_32_BIT_CONVERSION = YES;
				GCC_WARN_ABOUT_RETURN_TYPE = YES_ERROR;
				GCC_WARN_UNDECLARED_SELECTOR = YES;
				GCC_WARN_UNINITIALIZED_AUTOS = YES_AGGRESSIVE;
				GCC_WARN_UNUSED_FUNCTION = YES;
				GCC_WARN_UNUSED_VARIABLE = YES;
				IPHONEOS_DEPLOYMENT_TARGET = 15.0;
				LOCALIZATION_PREFERS_STRING_CATALOGS = YES;
				MTL_ENABLE_DEBUG_INFO = INCLUDE_SOURCE;
				MTL_FAST_MATH = YES;
				ONLY_ACTIVE_ARCH = YES;
				SDKROOT = iphoneos;
				SWIFT_ACTIVE_COMPILATION_CONDITIONS = "DEBUG $(inherited)";
				SWIFT_OPTIMIZATION_LEVEL = "-Onone";
			};
			name = Debug;
		};
		1D12345F1234567890123456 /* Release */ = {
			isa = XCBuildConfiguration;
			buildSettings = {
				ALWAYS_SEARCH_USER_PATHS = NO;
				ASSETCATALOG_COMPILER_GENERATE_SWIFT_ASSET_SYMBOL_EXTENSIONS = YES;
				CLANG_ANALYZER_NONNULL = YES;
				CLANG_ANALYZER_NUMBER_OBJECT_CONVERSION = YES_AGGRESSIVE;
				CLANG_CXX_LANGUAGE_STANDARD = "gnu++20";
				CLANG_ENABLE_MODULES = YES;
				CLANG_ENABLE_OBJC_ARC = YES;
				CLANG_ENABLE_OBJC_WEAK = YES;
				CLANG_WARN_BLOCK_CAPTURE_AUTORELEASING = YES;
				CLANG_WARN_BOOL_CONVERSION = YES;
				CLANG_WARN_COMMA = YES;
				CLANG_WARN_CONSTANT_CONVERSION = YES;
				CLANG_WARN_DEPRECATED_OBJC_IMPLEMENTATIONS = YES;
				CLANG_WARN_DIRECT_OBJC_ISA_USAGE = YES_ERROR;
				CLANG_WARN_DOCUMENTATION_COMMENTS = YES;
				CLANG_WARN_EMPTY_BODY = YES;
				CLANG_WARN_ENUM_CONVERSION = YES;
				CLANG_WARN_INFINITE_RECURSION = YES;
				CLANG_WARN_INT_CONVERSION = YES;
				CLANG_WARN_NON_LITERAL_NULL_CONVERSION = YES;
				CLANG_WARN_OBJC_IMPLICIT_RETAIN_SELF = YES;
				CLANG_WARN_OBJC_LITERAL_CONVERSION = YES;
				CLANG_WARN_OBJC_ROOT_CLASS = YES_ERROR;
				CLANG_WARN_QUOTED_INCLUDE_IN_FRAMEWORK_HEADER = YES;
				CLANG_WARN_RANGE_LOOP_ANALYSIS = YES;
				CLANG_WARN_STRICT_PROTOTYPES = YES;
				CLANG_WARN_SUSPICIOUS_MOVE = YES;
				CLANG_WARN_UNGUARDED_AVAILABILITY = YES_AGGRESSIVE;
				CLANG_WARN_UNREACHABLE_CODE = YES;
				CLANG_WARN__DUPLICATE_METHOD_MATCH = YES;
				COPY_PHASE_STRIP = NO;
				DEBUG_INFORMATION_FORMAT = "dwarf-with-dsym";
				ENABLE_NS_ASSERTIONS = NO;
				ENABLE_STRICT_OBJC_MSGSEND = YES;
				ENABLE_USER_SCRIPT_SANDBOXING = YES;
				GCC_C_LANGUAGE_STANDARD = gnu17;
				GCC_NO_COMMON_BLOCKS = YES;
				GCC_WARN_64_TO_32_BIT_CONVERSION = YES;
				GCC_WARN_ABOUT_RETURN_TYPE = YES_ERROR;
				GCC_WARN_UNDECLARED_SELECTOR = YES;
				GCC_WARN_UNINITIALIZED_AUTOS = YES_AGGRESSIVE;
				GCC_WARN_UNUSED_FUNCTION = YES;
				GCC_WARN_UNUSED_VARIABLE = YES;
				IPHONEOS_DEPLOYMENT_TARGET = 15.0;
				LOCALIZATION_PREFERS_STRING_CATALOGS = YES;
				MTL_ENABLE_DEBUG_INFO = NO;
				MTL_FAST_MATH = YES;
				SDKROOT = iphoneos;
				SWIFT_COMPILATION_MODE = wholemodule;
				VALIDATE_PRODUCT = YES;
			};
			name = Release;
		};
		1D1234611234567890123456 /* Debug */ = {
			isa = XCBuildConfiguration;
			buildSettings = {
				ASSETCATALOG_COMPILER_APPICON_NAME = AppIcon;
				ASSETCATALOG_COMPILER_GLOBAL_ACCENT_COLOR_NAME = AccentColor;
				CODE_SIGN_STYLE = Automatic;
				CURRENT_PROJECT_VERSION = 1;
				DEVELOPMENT_ASSET_PATHS = "";
				DEVELOPMENT_TEAM = AUJKH36V8X;
				ENABLE_PREVIEWS = YES;
				GENERATE_INFOPLIST_FILE = YES;
				INFOPLIST_KEY_UIApplicationSceneManifest_Generation = YES;
				INFOPLIST_KEY_UIApplicationSupportsIndirectInputEvents = YES;
				INFOPLIST_KEY_UILaunchScreen_Generation = YES;
				INFOPLIST_KEY_UISupportedInterfaceOrientations_iPad = "UIInterfaceOrientationPortrait UIInterfaceOrientationPortraitUpsideDown UIInterfaceOrientationLandscapeLeft UIInterfaceOrientationLandscapeRight";
				INFOPLIST_KEY_UISupportedInterfaceOrientations_iPhone = "UIInterfaceOrientationPortrait UIInterfaceOrientationLandscapeLeft UIInterfaceOrientationLandscapeRight";
				LD_RUNPATH_SEARCH_PATHS = (
					"$(inherited)",
					"@executable_path/Frameworks",
				);
				MARKETING_VERSION = 1.0;
				PRODUCT_BUNDLE_IDENTIFIER = com.bicraw.PinyinPractice;
				PRODUCT_NAME = "$(TARGET_NAME)";
				SWIFT_EMIT_LOC_STRINGS = YES;
				SWIFT_VERSION = 5.0;
				TARGETED_DEVICE_FAMILY = "1,2";
			};
			name = Debug;
		};
		1D1234621234567890123456 /* Release */ = {
			isa = XCBuildConfiguration;
			buildSettings = {
				ASSETCATALOG_COMPILER_APPICON_NAME = AppIcon;
				ASSETCATALOG_COMPILER_GLOBAL_ACCENT_COLOR_NAME = AccentColor;
				CODE_SIGN_STYLE = Automatic;
				CURRENT_PROJECT_VERSION = 1;
				DEVELOPMENT_ASSET_PATHS = "";
				DEVELOPMENT_TEAM = AUJKH36V8X;
				ENABLE_PREVIEWS = YES;
				GENERATE_INFOPLIST_FILE = YES;
				INFOPLIST_KEY_UIApplicationSceneManifest_Generation = YES;
				INFOPLIST_KEY_UIApplicationSupportsIndirectInputEvents = YES;
				INFOPLIST_KEY_UILaunchScreen_Generation = YES;
				INFOPLIST_KEY_UISupportedInterfaceOrientations_iPad = "UIInterfaceOrientationPortrait UIInterfaceOrientationPortraitUpsideDown UIInterfaceOrientationLandscapeLeft UIInterfaceOrientationLandscapeRight";
				INFOPLIST_KEY_UISupportedInterfaceOrientations_iPhone = "UIInterfaceOrientationPortrait UIInterfaceOrientationLandscapeLeft UIInterfaceOrientationLandscapeRight";
				LD_RUNPATH_SEARCH_PATHS = (
					"$(inherited)",
					"@executable_path/Frameworks",
				);
				MARKETING_VERSION = 1.0;
				PRODUCT_BUNDLE_IDENTIFIER = com.bicraw.PinyinPractice;
				PRODUCT_NAME = "$(TARGET_NAME)";
				SWIFT_EMIT_LOC_STRINGS = YES;
				SWIFT_VERSION = 5.0;
				TARGETED_DEVICE_FAMILY = "1,2";
			};
			name = Release;
		};
/* End XCBuildConfiguration section */

/* Begin XCConfigurationList section */
		1D12344D1234567890123456 /* Build configuration list for PBXProject "PinyinPractice" */ = {
			isa = XCConfigurationList;
			buildConfigurations = (
				1D12345E1234567890123456 /* Debug */,
				1D12345F1234567890123456 /* Release */,
			);
			defaultConfigurationIsVisible = 0;
			defaultConfigurationName = Release;
		};
		1D1234601234567890123456 /* Build configuration list for PBXNativeTarget "PinyinPractice" */ = {
			isa = XCConfigurationList;
			buildConfigurations = (
				1D1234611234567890123456 /* Debug */,
				1D1234621234567890123456 /* Release */,
			);
			defaultConfigurationIsVisible = 0;
			defaultConfigurationName = Release;
		};
/* End XCConfigurationList section */
	};
	rootObject = 1D12344A1234567890123456 /* Project object */;
}
